
Microsoft Visual Studio Solution File, Format Version 12.00
# Visual Studio Version 17
VisualStudioVersion = 17.8.34309.116
MinimumVisualStudioVersion = 10.0.40219.1
Project("{FAE04EC0-301F-11D3-BF4B-00C04F79EFBC}") = "PharmlineTestingSystem", "PharmlineTestingSystem\PharmlineTestingSystem.csproj", "{DD12DF5D-1E53-442B-AD1C-EAB8BCE25612}"
EndProject
Project("{FAE04EC0-301F-11D3-BF4B-00C04F79EFBC}") = "PharmlineTestingSystem.Repository", "PharmlineTestingSystem.Repository\PharmlineTestingSystem.Repository.csproj", "{90B79996-E2BB-4188-8AB3-82D3F2161D28}"
EndProject
Project("{FAE04EC0-301F-11D3-BF4B-00C04F79EFBC}") = "PharmlineTestingSystem.Database", "PharmlineTestingSystem.Database\PharmlineTestingSystem.Database.csproj", "{C386CF7E-9B5E-426C-90E7-D4C043BB90E0}"
EndProject
Project("{FAE04EC0-301F-11D3-BF4B-00C04F79EFBC}") = "PharmlineTestingSystem.Models", "PharmlineTestingSystem.Models\PharmlineTestingSystem.Models.csproj", "{21C382ED-D0E9-4C54-95AC-E10773189DD7}"
EndProject
Project("{FAE04EC0-301F-11D3-BF4B-00C04F79EFBC}") = "PharmlineTestingSystem.Shared", "PharmlineTestingSystem.Shared\PharmlineTestingSystem.Shared.csproj", "{A6E8407D-2FD4-4C4E-8D2D-1E1A98A29435}"
EndProject
Project("{FAE04EC0-301F-11D3-BF4B-00C04F79EFBC}") = "PharmlineTestingSystem.AdminPanel", "PharmlineTestingSystem.AdminPanel\PharmlineTestingSystem.AdminPanel.csproj", "{A18EE10E-F391-471B-8C49-66894B81B73E}"
EndProject
Global
	GlobalSection(SolutionConfigurationPlatforms) = preSolution
		Debug|Any CPU = Debug|Any CPU
		Release|Any CPU = Release|Any CPU
	EndGlobalSection
	GlobalSection(ProjectConfigurationPlatforms) = postSolution
		{DD12DF5D-1E53-442B-AD1C-EAB8BCE25612}.Debug|Any CPU.ActiveCfg = Debug|Any CPU
		{DD12DF5D-1E53-442B-AD1C-EAB8BCE25612}.Debug|Any CPU.Build.0 = Debug|Any CPU
		{DD12DF5D-1E53-442B-AD1C-EAB8BCE25612}.Release|Any CPU.ActiveCfg = Release|Any CPU
		{DD12DF5D-1E53-442B-AD1C-EAB8BCE25612}.Release|Any CPU.Build.0 = Release|Any CPU
		{90B79996-E2BB-4188-8AB3-82D3F2161D28}.Debug|Any CPU.ActiveCfg = Debug|Any CPU
		{90B79996-E2BB-4188-8AB3-82D3F2161D28}.Debug|Any CPU.Build.0 = Debug|Any CPU
		{90B79996-E2BB-4188-8AB3-82D3F2161D28}.Release|Any CPU.ActiveCfg = Release|Any CPU
		{90B79996-E2BB-4188-8AB3-82D3F2161D28}.Release|Any CPU.Build.0 = Release|Any CPU
		{C386CF7E-9B5E-426C-90E7-D4C043BB90E0}.Debug|Any CPU.ActiveCfg = Debug|Any CPU
		{C386CF7E-9B5E-426C-90E7-D4C043BB90E0}.Debug|Any CPU.Build.0 = Debug|Any CPU
		{C386CF7E-9B5E-426C-90E7-D4C043BB90E0}.Release|Any CPU.ActiveCfg = Release|Any CPU
		{C386CF7E-9B5E-426C-90E7-D4C043BB90E0}.Release|Any CPU.Build.0 = Release|Any CPU
		{21C382ED-D0E9-4C54-95AC-E10773189DD7}.Debug|Any CPU.ActiveCfg = Debug|Any CPU
		{21C382ED-D0E9-4C54-95AC-E10773189DD7}.Debug|Any CPU.Build.0 = Debug|Any CPU
		{21C382ED-D0E9-4C54-95AC-E10773189DD7}.Release|Any CPU.ActiveCfg = Release|Any CPU
		{21C382ED-D0E9-4C54-95AC-E10773189DD7}.Release|Any CPU.Build.0 = Release|Any CPU
		{A6E8407D-2FD4-4C4E-8D2D-1E1A98A29435}.Debug|Any CPU.ActiveCfg = Debug|Any CPU
		{A6E8407D-2FD4-4C4E-8D2D-1E1A98A29435}.Debug|Any CPU.Build.0 = Debug|Any CPU
		{A6E8407D-2FD4-4C4E-8D2D-1E1A98A29435}.Release|Any CPU.ActiveCfg = Release|Any CPU
		{A6E8407D-2FD4-4C4E-8D2D-1E1A98A29435}.Release|Any CPU.Build.0 = Release|Any CPU
		{A18EE10E-F391-471B-8C49-66894B81B73E}.Debug|Any CPU.ActiveCfg = Debug|Any CPU
		{A18EE10E-F391-471B-8C49-66894B81B73E}.Debug|Any CPU.Build.0 = Debug|Any CPU
		{A18EE10E-F391-471B-8C49-66894B81B73E}.Release|Any CPU.ActiveCfg = Release|Any CPU
		{A18EE10E-F391-471B-8C49-66894B81B73E}.Release|Any CPU.Build.0 = Release|Any CPU
	EndGlobalSection
	GlobalSection(SolutionProperties) = preSolution
		HideSolutionNode = FALSE
	EndGlobalSection
	GlobalSection(ExtensibilityGlobals) = postSolution
		SolutionGuid = {D34523EC-2050-4F6F-9C12-9FCF3285C56A}
	EndGlobalSection
EndGlobal
